
Microsoft Visual Studio Solution File, Format Version 12.00
# Visual Studio Version 16
VisualStudioVersion = 16.0.31205.134
MinimumVisualStudioVersion = 10.0.40219.1
Project("{FAE04EC0-301F-11D3-BF4B-00C04F79EFBC}") = "Aula42", "Aula42\Aula42.csproj", "{FDAD7561-9EE3-44B5-A2F3-BB3AFE580185}"
EndProject
Global
	GlobalSection(SolutionConfigurationPlatforms) = preSolution
		Debug|Any CPU = Debug|Any CPU
		Release|Any CPU = Release|Any CPU
	EndGlobalSection
	GlobalSection(ProjectConfigurationPlatforms) = postSolution
		{FDAD7561-9EE3-44B5-A2F3-BB3AFE580185}.Debug|Any CPU.ActiveCfg = Debug|Any CPU
		{FDAD7561-9EE3-44B5-A2F3-BB3AFE580185}.Debug|Any CPU.Build.0 = Debug|Any CPU
		{FDAD7561-9EE3-44B5-A2F3-BB3AFE580185}.Release|Any CPU.ActiveCfg = Release|Any CPU
		{FDAD7561-9EE3-44B5-A2F3-BB3AFE580185}.Release|Any CPU.Build.0 = Release|Any CPU
	EndGlobalSection
	GlobalSection(SolutionProperties) = preSolution
		HideSolutionNode = FALSE
	EndGlobalSection
	GlobalSection(ExtensibilityGlobals) = postSolution
		SolutionGuid = {26C4DE00-EBC6-407D-A05F-D14296A1E5FD}
	EndGlobalSection
EndGlobal
